hash: fe0e229b63797160aa1ca8aa59faf453213fec9502723b4ddc4d1631f0d5c002
updated: 2017-04-06T16:10:05.025046777+02:00
imports:
- name: github.com/opencontainers/go-digest
  version: aa2ec055abd10d26d539eb630a92241b781ce4bc
- name: github.com/opencontainers/image-spec
  version: 86308139a22b005bfda7b2e49c02fade937b4180
  subpackages:
  - schema
  - specs-go
  - specs-go/v1
- name: github.com/opencontainers/runtime-spec
  version: 339eba52400dde8732b03e32624607a4517a556c
  subpackages:
  - specs-go
- name: github.com/pkg/errors
  version: 17b591df37844cde689f4d5813e5cea0927d8dd2
- name: github.com/Sirupsen/logrus
  version: 4b6ea7319e214d98c938f12692336f7ca9348d6b
- name: github.com/spf13/cobra
  version: 9c28e4bbd74e5c3ed7aacbc552b2cab7cfdfe744
- name: github.com/spf13/pflag
  version: 7b17cc4658ef5ca157b986ea5c0b43af7938532b
- name: github.com/urfave/cli
  version: 0bdeddeeb0f650497d603c4ad7b20cfe685682f6
- name: github.com/xeipuuv/gojsonpointer
  version: 6fe8760cad3569743d51ddbb243b26f8456742dc
- name: github.com/xeipuuv/gojsonreference
  version: e02fc20de94c78484cd5ffb007f8af96be030a45
- name: github.com/xeipuuv/gojsonschema
  version: 702b404897d4364af44dc8dcabc9815947942325
- name: go4.org
  version: 03efcb870d84809319ea509714dd6d19a1498483
  subpackages:
  - errorutil
- name: golang.org/x/sys
  version: b44883b474ffefa37335017174e397412b633a4f
  subpackages:
  - unix
testImports: []
